
Microsoft Visual Studio Solution File, Format Version 12.00
# Visual Studio Version 17
VisualStudioVersion = 17.4.33213.308
MinimumVisualStudioVersion = 10.0.40219.1
Project("{FAE04EC0-301F-11D3-BF4B-00C04F79EFBC}") = "6 - Esercitazione Tablet", "6 - Esercitazione Tablet\6 - Esercitazione Tablet.csproj", "{984F0044-0E85-465E-9B65-E8E5CE05ADB2}"
EndProject
Global
	GlobalSection(SolutionConfigurationPlatforms) = preSolution
		Debug|Any CPU = Debug|Any CPU
		Release|Any CPU = Release|Any CPU
	EndGlobalSection
	GlobalSection(ProjectConfigurationPlatforms) = postSolution
		{984F0044-0E85-465E-9B65-E8E5CE05ADB2}.Debug|Any CPU.ActiveCfg = Debug|Any CPU
		{984F0044-0E85-465E-9B65-E8E5CE05ADB2}.Debug|Any CPU.Build.0 = Debug|Any CPU
		{984F0044-0E85-465E-9B65-E8E5CE05ADB2}.Release|Any CPU.ActiveCfg = Release|Any CPU
		{984F0044-0E85-465E-9B65-E8E5CE05ADB2}.Release|Any CPU.Build.0 = Release|Any CPU
	EndGlobalSection
	GlobalSection(SolutionProperties) = preSolution
		HideSolutionNode = FALSE
	EndGlobalSection
	GlobalSection(ExtensibilityGlobals) = postSolution
		SolutionGuid = {4E65F231-4A3A-40FF-AA32-36B20A42F75A}
	EndGlobalSection
EndGlobal
